
Microsoft Visual Studio Solution File, Format Version 12.00
# Visual Studio Version 17
VisualStudioVersion = 17.14.36221.1 d17.14
MinimumVisualStudioVersion = 10.0.40219.1
Project("{FAE04EC0-301F-11D3-BF4B-00C04F79EFBC}") = "OOP4", "OOP4\OOP4.csproj", "{87B5AAA5-3D8C-49C1-8B9C-A02927AD8AC5}"
EndProject
Global
	GlobalSection(SolutionConfigurationPlatforms) = preSolution
		Debug|Any CPU = Debug|Any CPU
		Release|Any CPU = Release|Any CPU
	EndGlobalSection
	GlobalSection(ProjectConfigurationPlatforms) = postSolution
		{87B5AAA5-3D8C-49C1-8B9C-A02927AD8AC5}.Debug|Any CPU.ActiveCfg = Debug|Any CPU
		{87B5AAA5-3D8C-49C1-8B9C-A02927AD8AC5}.Debug|Any CPU.Build.0 = Debug|Any CPU
		{87B5AAA5-3D8C-49C1-8B9C-A02927AD8AC5}.Release|Any CPU.ActiveCfg = Release|Any CPU
		{87B5AAA5-3D8C-49C1-8B9C-A02927AD8AC5}.Release|Any CPU.Build.0 = Release|Any CPU
	EndGlobalSection
	GlobalSection(SolutionProperties) = preSolution
		HideSolutionNode = FALSE
	EndGlobalSection
	GlobalSection(ExtensibilityGlobals) = postSolution
		SolutionGuid = {4DE31F3F-37F3-476D-ABEF-EA9051B2E2FF}
	EndGlobalSection
EndGlobal
